
Microsoft Visual Studio Solution File, Format Version 12.00
# Visual Studio Version 17
VisualStudioVersion = 17.8.34330.188
MinimumVisualStudioVersion = 10.0.40219.1
Project("{FAE04EC0-301F-11D3-BF4B-00C04F79EFBC}") = "BankingSystem", "BankingSystem\BankingSystem.csproj", "{E4ECF7F6-9C72-482E-B447-762ED759B8EE}"
EndProject
Global
	GlobalSection(SolutionConfigurationPlatforms) = preSolution
		Debug|Any CPU = Debug|Any CPU
		Release|Any CPU = Release|Any CPU
	EndGlobalSection
	GlobalSection(ProjectConfigurationPlatforms) = postSolution
		{E4ECF7F6-9C72-482E-B447-762ED759B8EE}.Debug|Any CPU.ActiveCfg = Debug|Any CPU
		{E4ECF7F6-9C72-482E-B447-762ED759B8EE}.Debug|Any CPU.Build.0 = Debug|Any CPU
		{E4ECF7F6-9C72-482E-B447-762ED759B8EE}.Release|Any CPU.ActiveCfg = Release|Any CPU
		{E4ECF7F6-9C72-482E-B447-762ED759B8EE}.Release|Any CPU.Build.0 = Release|Any CPU
	EndGlobalSection
	GlobalSection(SolutionProperties) = preSolution
		HideSolutionNode = FALSE
	EndGlobalSection
	GlobalSection(ExtensibilityGlobals) = postSolution
		SolutionGuid = {40D092CA-528B-4446-8840-B4DADB3FA9B5}
	EndGlobalSection
EndGlobal
